Microsoft Visual Studio Solution File, Format Version 12.00
# Visual Studio 15
VisualStudioVersion = 15.0.26430.6
MinimumVisualStudioVersion = 10.0.40219.1
Project("{FAE04EC0-301F-11D3-BF4B-00C04F79EFBC}") = "Brutus", "Brutus\Brutus.csproj", "{E6B22602-11C8-43FF-A5A9-868051FAAAC3}"
EndProject
Project("{2150E333-8FDC-42A3-9474-1A3956D46DE8}") = "Solution Items", "Solution Items", "{F968DCCC-91B4-4F81-94D7-D830BBEA4706}"
	ProjectSection(SolutionItems) = preProject
		README.md = README.md
	EndProjectSection
EndProject
Global
	GlobalSection(SolutionConfigurationPlatforms) = preSolution
		Debug|Any CPU = Debug|Any CPU
		Release|Any CPU = Release|Any CPU
	EndGlobalSection
	GlobalSection(ProjectConfigurationPlatforms) = postSolution
		{E6B22602-11C8-43FF-A5A9-868051FAAAC3}.Debug|Any CPU.ActiveCfg = Debug|Any CPU
		{E6B22602-11C8-43FF-A5A9-868051FAAAC3}.Debug|Any CPU.Build.0 = Debug|Any CPU
		{E6B22602-11C8-43FF-A5A9-868051FAAAC3}.Release|Any CPU.ActiveCfg = Release|Any CPU
		{E6B22602-11C8-43FF-A5A9-868051FAAAC3}.Release|Any CPU.Build.0 = Release|Any CPU
	EndGlobalSection
	GlobalSection(SolutionProperties) = preSolution
		HideSolutionNode = FALSE
	EndGlobalSection
	GlobalSection(ExtensibilityGlobals) = postSolution
		SolutionGuid = {A756DCA4-6786-4974-8903-8E67B90B9628}
	EndGlobalSection
EndGlobal
